
Microsoft Visual Studio Solution File, Format Version 12.00
# Visual Studio 15
Project("{FAE04EC0-301F-11D3-BF4B-00C04F79EFBC}") = "UnityEngine.TestRunner", "UnityEngine.TestRunner.csproj", "{9363045A-D135-DB87-90F8-BCB716A2B7A6}"
EndProject
Project("{FAE04EC0-301F-11D3-BF4B-00C04F79EFBC}") = "Unity.Mathematics", "Unity.Mathematics.csproj", "{B726AB3A-E6FA-8EF7-4FC7-2BADEE2F92E5}"
EndProject
Project("{FAE04EC0-301F-11D3-BF4B-00C04F79EFBC}") = "Unity.2D.Animation.Triangle.Runtime", "Unity.2D.Animation.Triangle.Runtime.csproj", "{B909EE24-789E-06A8-5A3E-0F7D4DC1A724}"
EndProject
Project("{FAE04EC0-301F-11D3-BF4B-00C04F79EFBC}") = "Unity.Timeline", "Unity.Timeline.csproj", "{B1BF3085-59BD-DEFB-4DDD-285F41D0F267}"
EndProject
Project("{FAE04EC0-301F-11D3-BF4B-00C04F79EFBC}") = "UnityEngine.UI", "UnityEngine.UI.csproj", "{4E909CB5-12FB-617F-764D-8E33C31AF1F9}"
EndProject
Project("{FAE04EC0-301F-11D3-BF4B-00C04F79EFBC}") = "Unity.TextMeshPro", "Unity.TextMeshPro.csproj", "{D5400614-2BA4-80B0-CB13-3919DDB4C91A}"
EndProject
Project("{FAE04EC0-301F-11D3-BF4B-00C04F79EFBC}") = "Unity.2D.Animation.Runtime", "Unity.2D.Animation.Runtime.csproj", "{ECC3003D-53D3-EE88-3927-FA851ED76752}"
EndProject
Project("{FAE04EC0-301F-11D3-BF4B-00C04F79EFBC}") = "Unity.2D.IK.Runtime", "Unity.2D.IK.Runtime.csproj", "{E8A7A9C6-E970-CBE1-0572-167AED3E0C17}"
EndProject
Project("{FAE04EC0-301F-11D3-BF4B-00C04F79EFBC}") = "Unity.2D.SpriteShape.Runtime", "Unity.2D.SpriteShape.Runtime.csproj", "{4BA3D339-81E9-D727-50CA-5AFE647C36E1}"
EndProject
Project("{FAE04EC0-301F-11D3-BF4B-00C04F79EFBC}") = "Unity.2D.PixelPerfect", "Unity.2D.PixelPerfect.csproj", "{6AC6DCE4-9F11-72B2-397B-43ED78EF7A7E}"
EndProject
Project("{FAE04EC0-301F-11D3-BF4B-00C04F79EFBC}") = "Assembly-CSharp", "Assembly-CSharp.csproj", "{7384926F-EDE2-D618-016A-BA93D7623DDF}"
EndProject
Project("{FAE04EC0-301F-11D3-BF4B-00C04F79EFBC}") = "Unity.2D.Common.Runtime", "Unity.2D.Common.Runtime.csproj", "{62C51E54-F3ED-D2F0-6206-E64C6A62B8A7}"
EndProject
Project("{FAE04EC0-301F-11D3-BF4B-00C04F79EFBC}") = "Unity.InternalAPIEngineBridge.001", "Unity.InternalAPIEngineBridge.001.csproj", "{A06141A6-72F4-4BE1-3C38-0866A1465DC9}"
EndProject
Project("{FAE04EC0-301F-11D3-BF4B-00C04F79EFBC}") = "UnityEditor.TestRunner", "UnityEditor.TestRunner.csproj", "{9C8E9007-F6D7-BA21-973D-FF98360DC3F6}"
EndProject
Project("{FAE04EC0-301F-11D3-BF4B-00C04F79EFBC}") = "Unity.PlasticSCM.Editor", "Unity.PlasticSCM.Editor.csproj", "{0F306CB3-0128-DD2E-D147-7F670B6EC8BC}"
EndProject
Project("{FAE04EC0-301F-11D3-BF4B-00C04F79EFBC}") = "UnityEditor.UI", "UnityEditor.UI.csproj", "{6BA717D9-5241-6245-15ED-9A3080D70516}"
EndProject
Project("{FAE04EC0-301F-11D3-BF4B-00C04F79EFBC}") = "Unity.Services.Core.Editor", "Unity.Services.Core.Editor.csproj", "{F53F59E4-C2FF-A2DD-7943-3BBDE756449D}"
EndProject
Project("{FAE04EC0-301F-11D3-BF4B-00C04F79EFBC}") = "Unity.Timeline.Editor", "Unity.Timeline.Editor.csproj", "{D45B4DB0-4817-E830-1477-1C909A302677}"
EndProject
Project("{FAE04EC0-301F-11D3-BF4B-00C04F79EFBC}") = "Unity.VisualStudio.Editor", "Unity.VisualStudio.Editor.csproj", "{4C19A49C-8FE2-7B23-B441-2B341B88E8CB}"
EndProject
Project("{FAE04EC0-301F-11D3-BF4B-00C04F79EFBC}") = "Unity.2D.Psdimporter.Editor", "Unity.2D.Psdimporter.Editor.csproj", "{A9FD62A0-8B33-565E-366D-BEBDCD506BBC}"
EndProject
Project("{FAE04EC0-301F-11D3-BF4B-00C04F79EFBC}") = "Unity.2D.Animation.Editor", "Unity.2D.Animation.Editor.csproj", "{63632800-C4D6-DAF5-71DB-1961FB7D9D5F}"
EndProject
Project("{FAE04EC0-301F-11D3-BF4B-00C04F79EFBC}") = "Unity.TextMeshPro.Editor", "Unity.TextMeshPro.Editor.csproj", "{A820AC7A-76D4-6DF2-518E-8A56098D5068}"
EndProject
Project("{FAE04EC0-301F-11D3-BF4B-00C04F79EFBC}") = "Unity.2D.SpriteShape.Editor", "Unity.2D.SpriteShape.Editor.csproj", "{79AAB8E5-1E2F-7F70-C6C4-4AEE5A15CA67}"
EndProject
Project("{FAE04EC0-301F-11D3-BF4B-00C04F79EFBC}") = "Unity.CollabProxy.Editor", "Unity.CollabProxy.Editor.csproj", "{90644CA2-7250-08D4-1737-057190485636}"
EndProject
Project("{FAE04EC0-301F-11D3-BF4B-00C04F79EFBC}") = "PsdPlugin", "PsdPlugin.csproj", "{EB38BC38-7E78-418D-817F-4235E3ABD318}"
EndProject
Project("{FAE04EC0-301F-11D3-BF4B-00C04F79EFBC}") = "Unity.2D.Path.Editor", "Unity.2D.Path.Editor.csproj", "{5E2053DC-6D25-F624-50E9-B079346E1EEE}"
EndProject
Project("{FAE04EC0-301F-11D3-BF4B-00C04F79EFBC}") = "Unity.Rider.Editor", "Unity.Rider.Editor.csproj", "{DECE7DA1-E54F-27AB-24BF-21C91D01568E}"
EndProject
Project("{FAE04EC0-301F-11D3-BF4B-00C04F79EFBC}") = "Unity.2D.IK.Editor", "Unity.2D.IK.Editor.csproj", "{471BDA66-90BC-A31A-A6F2-A424D33D4115}"
EndProject
Project("{FAE04EC0-301F-11D3-BF4B-00C04F79EFBC}") = "Unity.2D.Sprite.Editor", "Unity.2D.Sprite.Editor.csproj", "{284337C5-1D7E-A84B-F845-86DC34D79165}"
EndProject
Project("{FAE04EC0-301F-11D3-BF4B-00C04F79EFBC}") = "Unity.2D.Tilemap.Editor", "Unity.2D.Tilemap.Editor.csproj", "{85FED19E-5908-AE8B-3F09-356F0F7618D3}"
EndProject
Project("{FAE04EC0-301F-11D3-BF4B-00C04F79EFBC}") = "Unity.2D.PixelPerfect.Editor", "Unity.2D.PixelPerfect.Editor.csproj", "{E6E9940C-9323-6D11-6916-8865189A12CD}"
EndProject
Project("{FAE04EC0-301F-11D3-BF4B-00C04F79EFBC}") = "Unity.VSCode.Editor", "Unity.VSCode.Editor.csproj", "{65E3DC92-6AD3-88BD-9DFF-2CFEA71B5330}"
EndProject
Project("{FAE04EC0-301F-11D3-BF4B-00C04F79EFBC}") = "Unity.2D.Common.Editor", "Unity.2D.Common.Editor.csproj", "{DBC14E71-5E1B-3AD8-68B6-6A9B864E8AE3}"
EndProject
Project("{FAE04EC0-301F-11D3-BF4B-00C04F79EFBC}") = "Unity.Mathematics.Editor", "Unity.Mathematics.Editor.csproj", "{7859607C-68CA-055B-52D6-6D71C05ED943}"
EndProject
Project("{FAE04EC0-301F-11D3-BF4B-00C04F79EFBC}") = "Unity.InternalAPIEditorBridge.001", "Unity.InternalAPIEditorBridge.001.csproj", "{98A622FB-E87A-B30C-B648-02711E465EE0}"
EndProject
Project("{FAE04EC0-301F-11D3-BF4B-00C04F79EFBC}") = "Assembly-CSharp-Editor-firstpass", "Assembly-CSharp-Editor-firstpass.csproj", "{ECB4C12C-DB70-18F5-822B-93DB50C13454}"
EndProject
Project("{FAE04EC0-301F-11D3-BF4B-00C04F79EFBC}") = "UnityEngine.TestRunner", "UnityEngine.TestRunner.Player.csproj", "{643FBFE3-8595-A0DD-33E9-CC0BFFD53D86}"
EndProject
Project("{FAE04EC0-301F-11D3-BF4B-00C04F79EFBC}") = "Unity.Mathematics", "Unity.Mathematics.Player.csproj", "{A950F39E-8902-97A5-7187-20571FFA53AF}"
EndProject
Project("{FAE04EC0-301F-11D3-BF4B-00C04F79EFBC}") = "Unity.2D.Animation.Triangle.Runtime", "Unity.2D.Animation.Triangle.Runtime.Player.csproj", "{7C9DC5BC-960A-FEC6-4F75-F69E3D443247}"
EndProject
Project("{FAE04EC0-301F-11D3-BF4B-00C04F79EFBC}") = "Unity.Timeline", "Unity.Timeline.Player.csproj", "{4D2683A0-FF45-4822-17A2-CB80F7913C05}"
EndProject
Project("{FAE04EC0-301F-11D3-BF4B-00C04F79EFBC}") = "UnityEngine.UI", "UnityEngine.UI.Player.csproj", "{DC817A71-AD42-6336-93BF-3038AD5EEE77}"
EndProject
Project("{FAE04EC0-301F-11D3-BF4B-00C04F79EFBC}") = "Unity.TextMeshPro", "Unity.TextMeshPro.Player.csproj", "{EE00F1CE-A7FA-08FB-D13C-67F2DB5076AC}"
EndProject
Project("{FAE04EC0-301F-11D3-BF4B-00C04F79EFBC}") = "Unity.2D.Animation.Runtime", "Unity.2D.Animation.Runtime.Player.csproj", "{A1B3CA81-48DC-7291-EC18-01BDADEB4245}"
EndProject
Project("{FAE04EC0-301F-11D3-BF4B-00C04F79EFBC}") = "Unity.2D.IK.Runtime", "Unity.2D.IK.Runtime.Player.csproj", "{89C20849-AA8A-E5EA-1496-89F8431D44E5}"
EndProject
Project("{FAE04EC0-301F-11D3-BF4B-00C04F79EFBC}") = "Unity.2D.SpriteShape.Runtime", "Unity.2D.SpriteShape.Runtime.Player.csproj", "{34ABFCA4-C687-53EE-6DAB-9646CB40BEEE}"
EndProject
Project("{FAE04EC0-301F-11D3-BF4B-00C04F79EFBC}") = "Unity.2D.PixelPerfect", "Unity.2D.PixelPerfect.Player.csproj", "{B367DA2F-4EAB-D185-C22D-4E971939876C}"
EndProject
Project("{FAE04EC0-301F-11D3-BF4B-00C04F79EFBC}") = "Assembly-CSharp", "Assembly-CSharp.Player.csproj", "{8C9BB612-A443-D248-C6AE-64AD3680E978}"
EndProject
Project("{FAE04EC0-301F-11D3-BF4B-00C04F79EFBC}") = "Unity.2D.Common.Runtime", "Unity.2D.Common.Runtime.Player.csproj", "{2545BA65-71F5-C9D3-E296-4B0957C56B4A}"
EndProject
Project("{FAE04EC0-301F-11D3-BF4B-00C04F79EFBC}") = "Unity.InternalAPIEngineBridge.001", "Unity.InternalAPIEngineBridge.001.Player.csproj", "{4521F862-B7B8-3469-7A9F-287497648226}"
EndProject
Global
	GlobalSection(SolutionConfigurationPlatforms) = preSolution
		Debug|Any CPU = Debug|Any CPU
		Release|Any CPU = Release|Any CPU
	EndGlobalSection
	GlobalSection(ProjectConfigurationPlatforms) = postSolution
		{9363045A-D135-DB87-90F8-BCB716A2B7A6}.Debug|Any CPU.ActiveCfg = Debug|Any CPU
		{9363045A-D135-DB87-90F8-BCB716A2B7A6}.Debug|Any CPU.Build.0 = Debug|Any CPU
		{9363045A-D135-DB87-90F8-BCB716A2B7A6}.Release|Any CPU.ActiveCfg = Release|Any CPU
		{9363045A-D135-DB87-90F8-BCB716A2B7A6}.Release|Any CPU.Build.0 = Release|Any CPU
		{B726AB3A-E6FA-8EF7-4FC7-2BADEE2F92E5}.Debug|Any CPU.ActiveCfg = Debug|Any CPU
		{B726AB3A-E6FA-8EF7-4FC7-2BADEE2F92E5}.Debug|Any CPU.Build.0 = Debug|Any CPU
		{B726AB3A-E6FA-8EF7-4FC7-2BADEE2F92E5}.Release|Any CPU.ActiveCfg = Release|Any CPU
		{B726AB3A-E6FA-8EF7-4FC7-2BADEE2F92E5}.Release|Any CPU.Build.0 = Release|Any CPU
		{B909EE24-789E-06A8-5A3E-0F7D4DC1A724}.Debug|Any CPU.ActiveCfg = Debug|Any CPU
		{B909EE24-789E-06A8-5A3E-0F7D4DC1A724}.Debug|Any CPU.Build.0 = Debug|Any CPU
		{B909EE24-789E-06A8-5A3E-0F7D4DC1A724}.Release|Any CPU.ActiveCfg = Release|Any CPU
		{B909EE24-789E-06A8-5A3E-0F7D4DC1A724}.Release|Any CPU.Build.0 = Release|Any CPU
		{B1BF3085-59BD-DEFB-4DDD-285F41D0F267}.Debug|Any CPU.ActiveCfg = Debug|Any CPU
		{B1BF3085-59BD-DEFB-4DDD-285F41D0F267}.Debug|Any CPU.Build.0 = Debug|Any CPU
		{B1BF3085-59BD-DEFB-4DDD-285F41D0F267}.Release|Any CPU.ActiveCfg = Release|Any CPU
		{B1BF3085-59BD-DEFB-4DDD-285F41D0F267}.Release|Any CPU.Build.0 = Release|Any CPU
		{4E909CB5-12FB-617F-764D-8E33C31AF1F9}.Debug|Any CPU.ActiveCfg = Debug|Any CPU
		{4E909CB5-12FB-617F-764D-8E33C31AF1F9}.Debug|Any CPU.Build.0 = Debug|Any CPU
		{4E909CB5-12FB-617F-764D-8E33C31AF1F9}.Release|Any CPU.ActiveCfg = Release|Any CPU
		{4E909CB5-12FB-617F-764D-8E33C31AF1F9}.Release|Any CPU.Build.0 = Release|Any CPU
		{D5400614-2BA4-80B0-CB13-3919DDB4C91A}.Debug|Any CPU.ActiveCfg = Debug|Any CPU
		{D5400614-2BA4-80B0-CB13-3919DDB4C91A}.Debug|Any CPU.Build.0 = Debug|Any CPU
		{D5400614-2BA4-80B0-CB13-3919DDB4C91A}.Release|Any CPU.ActiveCfg = Release|Any CPU
		{D5400614-2BA4-80B0-CB13-3919DDB4C91A}.Release|Any CPU.Build.0 = Release|Any CPU
		{ECC3003D-53D3-EE88-3927-FA851ED76752}.Debug|Any CPU.ActiveCfg = Debug|Any CPU
		{ECC3003D-53D3-EE88-3927-FA851ED76752}.Debug|Any CPU.Build.0 = Debug|Any CPU
		{ECC3003D-53D3-EE88-3927-FA851ED76752}.Release|Any CPU.ActiveCfg = Release|Any CPU
		{ECC3003D-53D3-EE88-3927-FA851ED76752}.Release|Any CPU.Build.0 = Release|Any CPU
		{E8A7A9C6-E970-CBE1-0572-167AED3E0C17}.Debug|Any CPU.ActiveCfg = Debug|Any CPU
		{E8A7A9C6-E970-CBE1-0572-167AED3E0C17}.Debug|Any CPU.Build.0 = Debug|Any CPU
		{E8A7A9C6-E970-CBE1-0572-167AED3E0C17}.Release|Any CPU.ActiveCfg = Release|Any CPU
		{E8A7A9C6-E970-CBE1-0572-167AED3E0C17}.Release|Any CPU.Build.0 = Release|Any CPU
		{4BA3D339-81E9-D727-50CA-5AFE647C36E1}.Debug|Any CPU.ActiveCfg = Debug|Any CPU
		{4BA3D339-81E9-D727-50CA-5AFE647C36E1}.Debug|Any CPU.Build.0 = Debug|Any CPU
		{4BA3D339-81E9-D727-50CA-5AFE647C36E1}.Release|Any CPU.ActiveCfg = Release|Any CPU
		{4BA3D339-81E9-D727-50CA-5AFE647C36E1}.Release|Any CPU.Build.0 = Release|Any CPU
		{6AC6DCE4-9F11-72B2-397B-43ED78EF7A7E}.Debug|Any CPU.ActiveCfg = Debug|Any CPU
		{6AC6DCE4-9F11-72B2-397B-43ED78EF7A7E}.Debug|Any CPU.Build.0 = Debug|Any CPU
		{6AC6DCE4-9F11-72B2-397B-43ED78EF7A7E}.Release|Any CPU.ActiveCfg = Release|Any CPU
		{6AC6DCE4-9F11-72B2-397B-43ED78EF7A7E}.Release|Any CPU.Build.0 = Release|Any CPU
		{7384926F-EDE2-D618-016A-BA93D7623DDF}.Debug|Any CPU.ActiveCfg = Debug|Any CPU
		{7384926F-EDE2-D618-016A-BA93D7623DDF}.Debug|Any CPU.Build.0 = Debug|Any CPU
		{7384926F-EDE2-D618-016A-BA93D7623DDF}.Release|Any CPU.ActiveCfg = Release|Any CPU
		{7384926F-EDE2-D618-016A-BA93D7623DDF}.Release|Any CPU.Build.0 = Release|Any CPU
		{62C51E54-F3ED-D2F0-6206-E64C6A62B8A7}.Debug|Any CPU.ActiveCfg = Debug|Any CPU
		{62C51E54-F3ED-D2F0-6206-E64C6A62B8A7}.Debug|Any CPU.Build.0 = Debug|Any CPU
		{62C51E54-F3ED-D2F0-6206-E64C6A62B8A7}.Release|Any CPU.ActiveCfg = Release|Any CPU
		{62C51E54-F3ED-D2F0-6206-E64C6A62B8A7}.Release|Any CPU.Build.0 = Release|Any CPU
		{A06141A6-72F4-4BE1-3C38-0866A1465DC9}.Debug|Any CPU.ActiveCfg = Debug|Any CPU
		{A06141A6-72F4-4BE1-3C38-0866A1465DC9}.Debug|Any CPU.Build.0 = Debug|Any CPU
		{A06141A6-72F4-4BE1-3C38-0866A1465DC9}.Release|Any CPU.ActiveCfg = Release|Any CPU
		{A06141A6-72F4-4BE1-3C38-0866A1465DC9}.Release|Any CPU.Build.0 = Release|Any CPU
		{9C8E9007-F6D7-BA21-973D-FF98360DC3F6}.Debug|Any CPU.ActiveCfg = Debug|Any CPU
		{9C8E9007-F6D7-BA21-973D-FF98360DC3F6}.Debug|Any CPU.Build.0 = Debug|Any CPU
		{9C8E9007-F6D7-BA21-973D-FF98360DC3F6}.Release|Any CPU.ActiveCfg = Release|Any CPU
		{9C8E9007-F6D7-BA21-973D-FF98360DC3F6}.Release|Any CPU.Build.0 = Release|Any CPU
		{0F306CB3-0128-DD2E-D147-7F670B6EC8BC}.Debug|Any CPU.ActiveCfg = Debug|Any CPU
		{0F306CB3-0128-DD2E-D147-7F670B6EC8BC}.Debug|Any CPU.Build.0 = Debug|Any CPU
		{0F306CB3-0128-DD2E-D147-7F670B6EC8BC}.Release|Any CPU.ActiveCfg = Release|Any CPU
		{0F306CB3-0128-DD2E-D147-7F670B6EC8BC}.Release|Any CPU.Build.0 = Release|Any CPU
		{6BA717D9-5241-6245-15ED-9A3080D70516}.Debug|Any CPU.ActiveCfg = Debug|Any CPU
		{6BA717D9-5241-6245-15ED-9A3080D70516}.Debug|Any CPU.Build.0 = Debug|Any CPU
		{6BA717D9-5241-6245-15ED-9A3080D70516}.Release|Any CPU.ActiveCfg = Release|Any CPU
		{6BA717D9-5241-6245-15ED-9A3080D70516}.Release|Any CPU.Build.0 = Release|Any CPU
		{F53F59E4-C2FF-A2DD-7943-3BBDE756449D}.Debug|Any CPU.ActiveCfg = Debug|Any CPU
		{F53F59E4-C2FF-A2DD-7943-3BBDE756449D}.Debug|Any CPU.Build.0 = Debug|Any CPU
		{F53F59E4-C2FF-A2DD-7943-3BBDE756449D}.Release|Any CPU.ActiveCfg = Release|Any CPU
		{F53F59E4-C2FF-A2DD-7943-3BBDE756449D}.Release|Any CPU.Build.0 = Release|Any CPU
		{D45B4DB0-4817-E830-1477-1C909A302677}.Debug|Any CPU.ActiveCfg = Debug|Any CPU
		{D45B4DB0-4817-E830-1477-1C909A302677}.Debug|Any CPU.Build.0 = Debug|Any CPU
		{D45B4DB0-4817-E830-1477-1C909A302677}.Release|Any CPU.ActiveCfg = Release|Any CPU
		{D45B4DB0-4817-E830-1477-1C909A302677}.Release|Any CPU.Build.0 = Release|Any CPU
		{4C19A49C-8FE2-7B23-B441-2B341B88E8CB}.Debug|Any CPU.ActiveCfg = Debug|Any CPU
		{4C19A49C-8FE2-7B23-B441-2B341B88E8CB}.Debug|Any CPU.Build.0 = Debug|Any CPU
		{4C19A49C-8FE2-7B23-B441-2B341B88E8CB}.Release|Any CPU.ActiveCfg = Release|Any CPU
		{4C19A49C-8FE2-7B23-B441-2B341B88E8CB}.Release|Any CPU.Build.0 = Release|Any CPU
		{A9FD62A0-8B33-565E-366D-BEBDCD506BBC}.Debug|Any CPU.ActiveCfg = Debug|Any CPU
		{A9FD62A0-8B33-565E-366D-BEBDCD506BBC}.Debug|Any CPU.Build.0 = Debug|Any CPU
		{A9FD62A0-8B33-565E-366D-BEBDCD506BBC}.Release|Any CPU.ActiveCfg = Release|Any CPU
		{A9FD62A0-8B33-565E-366D-BEBDCD506BBC}.Release|Any CPU.Build.0 = Release|Any CPU
		{63632800-C4D6-DAF5-71DB-1961FB7D9D5F}.Debug|Any CPU.ActiveCfg = Debug|Any CPU
		{63632800-C4D6-DAF5-71DB-1961FB7D9D5F}.Debug|Any CPU.Build.0 = Debug|Any CPU
		{63632800-C4D6-DAF5-71DB-1961FB7D9D5F}.Release|Any CPU.ActiveCfg = Release|Any CPU
		{63632800-C4D6-DAF5-71DB-1961FB7D9D5F}.Release|Any CPU.Build.0 = Release|Any CPU
		{A820AC7A-76D4-6DF2-518E-8A56098D5068}.Debug|Any CPU.ActiveCfg = Debug|Any CPU
		{A820AC7A-76D4-6DF2-518E-8A56098D5068}.Debug|Any CPU.Build.0 = Debug|Any CPU
		{A820AC7A-76D4-6DF2-518E-8A56098D5068}.Release|Any CPU.ActiveCfg = Release|Any CPU
		{A820AC7A-76D4-6DF2-518E-8A56098D5068}.Release|Any CPU.Build.0 = Release|Any CPU
		{79AAB8E5-1E2F-7F70-C6C4-4AEE5A15CA67}.Debug|Any CPU.ActiveCfg = Debug|Any CPU
		{79AAB8E5-1E2F-7F70-C6C4-4AEE5A15CA67}.Debug|Any CPU.Build.0 = Debug|Any CPU
		{79AAB8E5-1E2F-7F70-C6C4-4AEE5A15CA67}.Release|Any CPU.ActiveCfg = Release|Any CPU
		{79AAB8E5-1E2F-7F70-C6C4-4AEE5A15CA67}.Release|Any CPU.Build.0 = Release|Any CPU
		{90644CA2-7250-08D4-1737-057190485636}.Debug|Any CPU.ActiveCfg = Debug|Any CPU
		{90644CA2-7250-08D4-1737-057190485636}.Debug|Any CPU.Build.0 = Debug|Any CPU
		{90644CA2-7250-08D4-1737-057190485636}.Release|Any CPU.ActiveCfg = Release|Any CPU
		{90644CA2-7250-08D4-1737-057190485636}.Release|Any CPU.Build.0 = Release|Any CPU
		{EB38BC38-7E78-418D-817F-4235E3ABD318}.Debug|Any CPU.ActiveCfg = Debug|Any CPU
		{EB38BC38-7E78-418D-817F-4235E3ABD318}.Debug|Any CPU.Build.0 = Debug|Any CPU
		{EB38BC38-7E78-418D-817F-4235E3ABD318}.Release|Any CPU.ActiveCfg = Release|Any CPU
		{EB38BC38-7E78-418D-817F-4235E3ABD318}.Release|Any CPU.Build.0 = Release|Any CPU
		{5E2053DC-6D25-F624-50E9-B079346E1EEE}.Debug|Any CPU.ActiveCfg = Debug|Any CPU
		{5E2053DC-6D25-F624-50E9-B079346E1EEE}.Debug|Any CPU.Build.0 = Debug|Any CPU
		{5E2053DC-6D25-F624-50E9-B079346E1EEE}.Release|Any CPU.ActiveCfg = Release|Any CPU
		{5E2053DC-6D25-F624-50E9-B079346E1EEE}.Release|Any CPU.Build.0 = Release|Any CPU
		{DECE7DA1-E54F-27AB-24BF-21C91D01568E}.Debug|Any CPU.ActiveCfg = Debug|Any CPU
		{DECE7DA1-E54F-27AB-24BF-21C91D01568E}.Debug|Any CPU.Build.0 = Debug|Any CPU
		{DECE7DA1-E54F-27AB-24BF-21C91D01568E}.Release|Any CPU.ActiveCfg = Release|Any CPU
		{DECE7DA1-E54F-27AB-24BF-21C91D01568E}.Release|Any CPU.Build.0 = Release|Any CPU
		{471BDA66-90BC-A31A-A6F2-A424D33D4115}.Debug|Any CPU.ActiveCfg = Debug|Any CPU
		{471BDA66-90BC-A31A-A6F2-A424D33D4115}.Debug|Any CPU.Build.0 = Debug|Any CPU
		{471BDA66-90BC-A31A-A6F2-A424D33D4115}.Release|Any CPU.ActiveCfg = Release|Any CPU
		{471BDA66-90BC-A31A-A6F2-A424D33D4115}.Release|Any CPU.Build.0 = Release|Any CPU
		{284337C5-1D7E-A84B-F845-86DC34D79165}.Debug|Any CPU.ActiveCfg = Debug|Any CPU
		{284337C5-1D7E-A84B-F845-86DC34D79165}.Debug|Any CPU.Build.0 = Debug|Any CPU
		{284337C5-1D7E-A84B-F845-86DC34D79165}.Release|Any CPU.ActiveCfg = Release|Any CPU
		{284337C5-1D7E-A84B-F845-86DC34D79165}.Release|Any CPU.Build.0 = Release|Any CPU
		{85FED19E-5908-AE8B-3F09-356F0F7618D3}.Debug|Any CPU.ActiveCfg = Debug|Any CPU
		{85FED19E-5908-AE8B-3F09-356F0F7618D3}.Debug|Any CPU.Build.0 = Debug|Any CPU
		{85FED19E-5908-AE8B-3F09-356F0F7618D3}.Release|Any CPU.ActiveCfg = Release|Any CPU
		{85FED19E-5908-AE8B-3F09-356F0F7618D3}.Release|Any CPU.Build.0 = Release|Any CPU
		{E6E9940C-9323-6D11-6916-8865189A12CD}.Debug|Any CPU.ActiveCfg = Debug|Any CPU
		{E6E9940C-9323-6D11-6916-8865189A12CD}.Debug|Any CPU.Build.0 = Debug|Any CPU
		{E6E9940C-9323-6D11-6916-8865189A12CD}.Release|Any CPU.ActiveCfg = Release|Any CPU
		{E6E9940C-9323-6D11-6916-8865189A12CD}.Release|Any CPU.Build.0 = Release|Any CPU
		{65E3DC92-6AD3-88BD-9DFF-2CFEA71B5330}.Debug|Any CPU.ActiveCfg = Debug|Any CPU
		{65E3DC92-6AD3-88BD-9DFF-2CFEA71B5330}.Debug|Any CPU.Build.0 = Debug|Any CPU
		{65E3DC92-6AD3-88BD-9DFF-2CFEA71B5330}.Release|Any CPU.ActiveCfg = Release|Any CPU
		{65E3DC92-6AD3-88BD-9DFF-2CFEA71B5330}.Release|Any CPU.Build.0 = Release|Any CPU
		{DBC14E71-5E1B-3AD8-68B6-6A9B864E8AE3}.Debug|Any CPU.ActiveCfg = Debug|Any CPU
		{DBC14E71-5E1B-3AD8-68B6-6A9B864E8AE3}.Debug|Any CPU.Build.0 = Debug|Any CPU
		{DBC14E71-5E1B-3AD8-68B6-6A9B864E8AE3}.Release|Any CPU.ActiveCfg = Release|Any CPU
		{DBC14E71-5E1B-3AD8-68B6-6A9B864E8AE3}.Release|Any CPU.Build.0 = Release|Any CPU
		{7859607C-68CA-055B-52D6-6D71C05ED943}.Debug|Any CPU.ActiveCfg = Debug|Any CPU
		{7859607C-68CA-055B-52D6-6D71C05ED943}.Debug|Any CPU.Build.0 = Debug|Any CPU
		{7859607C-68CA-055B-52D6-6D71C05ED943}.Release|Any CPU.ActiveCfg = Release|Any CPU
		{7859607C-68CA-055B-52D6-6D71C05ED943}.Release|Any CPU.Build.0 = Release|Any CPU
		{98A622FB-E87A-B30C-B648-02711E465EE0}.Debug|Any CPU.ActiveCfg = Debug|Any CPU
		{98A622FB-E87A-B30C-B648-02711E465EE0}.Debug|Any CPU.Build.0 = Debug|Any CPU
		{98A622FB-E87A-B30C-B648-02711E465EE0}.Release|Any CPU.ActiveCfg = Release|Any CPU
		{98A622FB-E87A-B30C-B648-02711E465EE0}.Release|Any CPU.Build.0 = Release|Any CPU
		{ECB4C12C-DB70-18F5-822B-93DB50C13454}.Debug|Any CPU.ActiveCfg = Debug|Any CPU
		{ECB4C12C-DB70-18F5-822B-93DB50C13454}.Debug|Any CPU.Build.0 = Debug|Any CPU
		{ECB4C12C-DB70-18F5-822B-93DB50C13454}.Release|Any CPU.ActiveCfg = Release|Any CPU
		{ECB4C12C-DB70-18F5-822B-93DB50C13454}.Release|Any CPU.Build.0 = Release|Any CPU
		{643FBFE3-8595-A0DD-33E9-CC0BFFD53D86}.Debug|Any CPU.ActiveCfg = Debug|Any CPU
		{643FBFE3-8595-A0DD-33E9-CC0BFFD53D86}.Debug|Any CPU.Build.0 = Debug|Any CPU
		{643FBFE3-8595-A0DD-33E9-CC0BFFD53D86}.Release|Any CPU.ActiveCfg = Release|Any CPU
		{643FBFE3-8595-A0DD-33E9-CC0BFFD53D86}.Release|Any CPU.Build.0 = Release|Any CPU
		{A950F39E-8902-97A5-7187-20571FFA53AF}.Debug|Any CPU.ActiveCfg = Debug|Any CPU
		{A950F39E-8902-97A5-7187-20571FFA53AF}.Debug|Any CPU.Build.0 = Debug|Any CPU
		{A950F39E-8902-97A5-7187-20571FFA53AF}.Release|Any CPU.ActiveCfg = Release|Any CPU
		{A950F39E-8902-97A5-7187-20571FFA53AF}.Release|Any CPU.Build.0 = Release|Any CPU
		{7C9DC5BC-960A-FEC6-4F75-F69E3D443247}.Debug|Any CPU.ActiveCfg = Debug|Any CPU
		{7C9DC5BC-960A-FEC6-4F75-F69E3D443247}.Debug|Any CPU.Build.0 = Debug|Any CPU
		{7C9DC5BC-960A-FEC6-4F75-F69E3D443247}.Release|Any CPU.ActiveCfg = Release|Any CPU
		{7C9DC5BC-960A-FEC6-4F75-F69E3D443247}.Release|Any CPU.Build.0 = Release|Any CPU
		{4D2683A0-FF45-4822-17A2-CB80F7913C05}.Debug|Any CPU.ActiveCfg = Debug|Any CPU
		{4D2683A0-FF45-4822-17A2-CB80F7913C05}.Debug|Any CPU.Build.0 = Debug|Any CPU
		{4D2683A0-FF45-4822-17A2-CB80F7913C05}.Release|Any CPU.ActiveCfg = Release|Any CPU
		{4D2683A0-FF45-4822-17A2-CB80F7913C05}.Release|Any CPU.Build.0 = Release|Any CPU
		{DC817A71-AD42-6336-93BF-3038AD5EEE77}.Debug|Any CPU.ActiveCfg = Debug|Any CPU
		{DC817A71-AD42-6336-93BF-3038AD5EEE77}.Debug|Any CPU.Build.0 = Debug|Any CPU
		{DC817A71-AD42-6336-93BF-3038AD5EEE77}.Release|Any CPU.ActiveCfg = Release|Any CPU
		{DC817A71-AD42-6336-93BF-3038AD5EEE77}.Release|Any CPU.Build.0 = Release|Any CPU
		{EE00F1CE-A7FA-08FB-D13C-67F2DB5076AC}.Debug|Any CPU.ActiveCfg = Debug|Any CPU
		{EE00F1CE-A7FA-08FB-D13C-67F2DB5076AC}.Debug|Any CPU.Build.0 = Debug|Any CPU
		{EE00F1CE-A7FA-08FB-D13C-67F2DB5076AC}.Release|Any CPU.ActiveCfg = Release|Any CPU
		{EE00F1CE-A7FA-08FB-D13C-67F2DB5076AC}.Release|Any CPU.Build.0 = Release|Any CPU
		{A1B3CA81-48DC-7291-EC18-01BDADEB4245}.Debug|Any CPU.ActiveCfg = Debug|Any CPU
		{A1B3CA81-48DC-7291-EC18-01BDADEB4245}.Debug|Any CPU.Build.0 = Debug|Any CPU
		{A1B3CA81-48DC-7291-EC18-01BDADEB4245}.Release|Any CPU.ActiveCfg = Release|Any CPU
		{A1B3CA81-48DC-7291-EC18-01BDADEB4245}.Release|Any CPU.Build.0 = Release|Any CPU
		{89C20849-AA8A-E5EA-1496-89F8431D44E5}.Debug|Any CPU.ActiveCfg = Debug|Any CPU
		{89C20849-AA8A-E5EA-1496-89F8431D44E5}.Debug|Any CPU.Build.0 = Debug|Any CPU
		{89C20849-AA8A-E5EA-1496-89F8431D44E5}.Release|Any CPU.ActiveCfg = Release|Any CPU
		{89C20849-AA8A-E5EA-1496-89F8431D44E5}.Release|Any CPU.Build.0 = Release|Any CPU
		{34ABFCA4-C687-53EE-6DAB-9646CB40BEEE}.Debug|Any CPU.ActiveCfg = Debug|Any CPU
		{34ABFCA4-C687-53EE-6DAB-9646CB40BEEE}.Debug|Any CPU.Build.0 = Debug|Any CPU
		{34ABFCA4-C687-53EE-6DAB-9646CB40BEEE}.Release|Any CPU.ActiveCfg = Release|Any CPU
		{34ABFCA4-C687-53EE-6DAB-9646CB40BEEE}.Release|Any CPU.Build.0 = Release|Any CPU
		{B367DA2F-4EAB-D185-C22D-4E971939876C}.Debug|Any CPU.ActiveCfg = Debug|Any CPU
		{B367DA2F-4EAB-D185-C22D-4E971939876C}.Debug|Any CPU.Build.0 = Debug|Any CPU
		{B367DA2F-4EAB-D185-C22D-4E971939876C}.Release|Any CPU.ActiveCfg = Release|Any CPU
		{B367DA2F-4EAB-D185-C22D-4E971939876C}.Release|Any CPU.Build.0 = Release|Any CPU
		{8C9BB612-A443-D248-C6AE-64AD3680E978}.Debug|Any CPU.ActiveCfg = Debug|Any CPU
		{8C9BB612-A443-D248-C6AE-64AD3680E978}.Debug|Any CPU.Build.0 = Debug|Any CPU
		{8C9BB612-A443-D248-C6AE-64AD3680E978}.Release|Any CPU.ActiveCfg = Release|Any CPU
		{8C9BB612-A443-D248-C6AE-64AD3680E978}.Release|Any CPU.Build.0 = Release|Any CPU
		{2545BA65-71F5-C9D3-E296-4B0957C56B4A}.Debug|Any CPU.ActiveCfg = Debug|Any CPU
		{2545BA65-71F5-C9D3-E296-4B0957C56B4A}.Debug|Any CPU.Build.0 = Debug|Any CPU
		{2545BA65-71F5-C9D3-E296-4B0957C56B4A}.Release|Any CPU.ActiveCfg = Release|Any CPU
		{2545BA65-71F5-C9D3-E296-4B0957C56B4A}.Release|Any CPU.Build.0 = Release|Any CPU
		{4521F862-B7B8-3469-7A9F-287497648226}.Debug|Any CPU.ActiveCfg = Debug|Any CPU
		{4521F862-B7B8-3469-7A9F-287497648226}.Debug|Any CPU.Build.0 = Debug|Any CPU
		{4521F862-B7B8-3469-7A9F-287497648226}.Release|Any CPU.ActiveCfg = Release|Any CPU
		{4521F862-B7B8-3469-7A9F-287497648226}.Release|Any CPU.Build.0 = Release|Any CPU
	EndGlobalSection
	GlobalSection(SolutionProperties) = preSolution
		HideSolutionNode = FALSE
	EndGlobalSection
EndGlobal
